
Microsoft Visual Studio Solution File, Format Version 12.00
# Visual Studio Version 17
VisualStudioVersion = 17.3.32929.385
MinimumVisualStudioVersion = 10.0.40219.1
Project("{FAE04EC0-301F-11D3-BF4B-00C04F79EFBC}") = "Ejercicio 35", "Ejercicio 35\Ejercicio 35.csproj", "{CA916E5A-9163-4BFE-81F3-892F15CF71AA}"
EndProject
Global
	GlobalSection(SolutionConfigurationPlatforms) = preSolution
		Debug|Any CPU = Debug|Any CPU
		Release|Any CPU = Release|Any CPU
	EndGlobalSection
	GlobalSection(ProjectConfigurationPlatforms) = postSolution
		{CA916E5A-9163-4BFE-81F3-892F15CF71AA}.Debug|Any CPU.ActiveCfg = Debug|Any CPU
		{CA916E5A-9163-4BFE-81F3-892F15CF71AA}.Debug|Any CPU.Build.0 = Debug|Any CPU
		{CA916E5A-9163-4BFE-81F3-892F15CF71AA}.Release|Any CPU.ActiveCfg = Release|Any CPU
		{CA916E5A-9163-4BFE-81F3-892F15CF71AA}.Release|Any CPU.Build.0 = Release|Any CPU
	EndGlobalSection
	GlobalSection(SolutionProperties) = preSolution
		HideSolutionNode = FALSE
	EndGlobalSection
	GlobalSection(ExtensibilityGlobals) = postSolution
		SolutionGuid = {260E1379-5452-4592-9438-8EBFBFDD1F3B}
	EndGlobalSection
EndGlobal
