
Microsoft Visual Studio Solution File, Format Version 12.00
# Visual Studio Version 17
VisualStudioVersion = 17.3.32929.385
MinimumVisualStudioVersion = 10.0.40219.1
Project("{9A19103F-16F7-4668-BE54-9A1E7A4F7556}") = "Ejercicio 37", "Ejercicio 37\Ejercicio 37.csproj", "{B2D862B5-2EA4-4DAF-A850-D30E5B13AF87}"
EndProject
Global
	GlobalSection(SolutionConfigurationPlatforms) = preSolution
		Debug|Any CPU = Debug|Any CPU
		Release|Any CPU = Release|Any CPU
	EndGlobalSection
	GlobalSection(ProjectConfigurationPlatforms) = postSolution
		{B2D862B5-2EA4-4DAF-A850-D30E5B13AF87}.Debug|Any CPU.ActiveCfg = Debug|Any CPU
		{B2D862B5-2EA4-4DAF-A850-D30E5B13AF87}.Debug|Any CPU.Build.0 = Debug|Any CPU
		{B2D862B5-2EA4-4DAF-A850-D30E5B13AF87}.Release|Any CPU.ActiveCfg = Release|Any CPU
		{B2D862B5-2EA4-4DAF-A850-D30E5B13AF87}.Release|Any CPU.Build.0 = Release|Any CPU
	EndGlobalSection
	GlobalSection(SolutionProperties) = preSolution
		HideSolutionNode = FALSE
	EndGlobalSection
	GlobalSection(ExtensibilityGlobals) = postSolution
		SolutionGuid = {AE34ACCF-0F35-4556-AA28-4B68CBA7BAEE}
	EndGlobalSection
EndGlobal
