
Microsoft Visual Studio Solution File, Format Version 12.00
# Visual Studio Version 17
VisualStudioVersion = 17.3.32922.545
MinimumVisualStudioVersion = 10.0.40219.1
Project("{FAE04EC0-301F-11D3-BF4B-00C04F79EFBC}") = "Ejercicio 14", "Ejercicio 14\Ejercicio 14.csproj", "{6560E57C-725C-4E16-8BDF-E740F69A9DEF}"
EndProject
Global
	GlobalSection(SolutionConfigurationPlatforms) = preSolution
		Debug|Any CPU = Debug|Any CPU
		Release|Any CPU = Release|Any CPU
	EndGlobalSection
	GlobalSection(ProjectConfigurationPlatforms) = postSolution
		{6560E57C-725C-4E16-8BDF-E740F69A9DEF}.Debug|Any CPU.ActiveCfg = Debug|Any CPU
		{6560E57C-725C-4E16-8BDF-E740F69A9DEF}.Debug|Any CPU.Build.0 = Debug|Any CPU
		{6560E57C-725C-4E16-8BDF-E740F69A9DEF}.Release|Any CPU.ActiveCfg = Release|Any CPU
		{6560E57C-725C-4E16-8BDF-E740F69A9DEF}.Release|Any CPU.Build.0 = Release|Any CPU
	EndGlobalSection
	GlobalSection(SolutionProperties) = preSolution
		HideSolutionNode = FALSE
	EndGlobalSection
	GlobalSection(ExtensibilityGlobals) = postSolution
		SolutionGuid = {5E7A93BB-D96E-4D33-B067-4E71B8BCE17A}
	EndGlobalSection
EndGlobal
